{
  "version": "5",
  "specifiers": {
    "jsr:@std/assert@1": "1.0.19",
    "jsr:@std/internal@^1.0.12": "1.0.14",
    "npm:supabase@*": "2.105.0"
  },
  "jsr": {
    "@std/assert@1.0.19": {
      "integrity": "eaada96ee120cb980bc47e040f82814d786fe8162ecc53c91d8df60b8755991e",
      "dependencies": [
        "jsr:@std/internal"
      ]
    },
    "@std/internal@1.0.14": {
      "integrity": "291516b3d4c35024d6ffbc0a9df5bf4c64116e05b50012cf846710152d2ffdf7"
    }
  },
  "npm": {
    "@supabase/cli-darwin-arm64@2.105.0": {
      "integrity": "sha512-ptlLrggNCq7dndvY7ce0MIvCZRnAYXeyKC0H7c4DqQmCbOPZgSwD5a4E3RPrZS6TLeJPG7XhpuJarAU5PTf/9w==",
      "os": ["darwin"],
      "cpu": ["arm64"]
    },
    "@supabase/cli-darwin-x64@2.105.0": {
      "integrity": "sha512-kJDYyy3UkXd4hDzo+duOzUk8yDqLEit8d/clBCiXNQFSJf96QCnG2iyrzT4dCDUk8UB3+g9xL1mH2EEuPHj7oA==",
      "os": ["darwin"],
      "cpu": ["x64"]
    },
    "@supabase/cli-linux-arm64-musl@2.105.0": {
      "integrity": "sha512-45vxbXRwe/JUAjyvQ8oKO2o44IK3GunlVqeIWGzcDgaeMg5XO4x0i9+NGPvOvvhyMB4bgJ3cMxh/ovl1AM0GZA==",
      "os": ["linux"],
      "cpu": ["arm64"]
    },
    "@supabase/cli-linux-arm64@2.105.0": {
      "integrity": "sha512-cdHgfIFElYkAjrp0aJPlQPTqQ9doSxB4qRswlGNsSYaLlK5Ns78rXsB7G71RRnyrzb41C183osRhVENWVrnK/w==",
      "os": ["linux"],
      "cpu": ["arm64"]
    },
    "@supabase/cli-linux-x64-musl@2.105.0": {
      "integrity": "sha512-VnHn1NPn9Ov81BXFOx6FpHxbBT5e3ObaUxO7DR+LDGjh2wfMUj4E6Y863w+r0HJk0hi0mRH7u0U0dOrbBp4E+w==",
      "os": ["linux"],
      "cpu": ["x64"]
    },
    "@supabase/cli-linux-x64@2.105.0": {
      "integrity": "sha512-rj1iU0h4EJaanx72eJtipiXczAY3gug9qxo62MYUZg2X1aaegFtyMS83fmjC7YlduW2Cu+zvgWoyTlA6R5Ndzg==",
      "os": ["linux"],
      "cpu": ["x64"]
    },
    "@supabase/cli-windows-arm64@2.105.0": {
      "integrity": "sha512-b5xQ5dVkARZTBiSwLpPbwffRHvVDcO3ZvAtzz54J44KQdLD0TSrgoXZJBrI4Y3ggmG70EiITKPL8+rT6ptjXsQ==",
      "os": ["win32"],
      "cpu": ["arm64"]
    },
    "@supabase/cli-windows-x64@2.105.0": {
      "integrity": "sha512-QmfqDQJ58ba/9+vzM8HJQsa/rY6OdtaaaAmPKwCMd8JUQ7758p8sydYe1vXTb4CCPdvk9qW2d/Dh54ucH4SPwg==",
      "os": ["win32"],
      "cpu": ["x64"]
    },
    "supabase@2.105.0": {
      "integrity": "sha512-UB2aFLYAVujTQsZ9l+aCbDfLNaZApZucByRNP/1j0L1pXXzFhSgEyZSrvHSUO5LIvOb09AGHWishL/usVTuHTg==",
      "optionalDependencies": [
        "@supabase/cli-darwin-arm64",
        "@supabase/cli-darwin-x64",
        "@supabase/cli-linux-arm64",
        "@supabase/cli-linux-arm64-musl",
        "@supabase/cli-linux-x64",
        "@supabase/cli-linux-x64-musl",
        "@supabase/cli-windows-arm64",
        "@supabase/cli-windows-x64"
      ],
      "bin": true
    }
  },
  "workspace": {
    "dependencies": [
      "jsr:@std/assert@1"
    ]
  }
}
